
Microsoft Visual Studio Solution File, Format Version 12.00
# Visual Studio 15
Project("{FAE04EC0-301F-11D3-BF4B-00C04F79EFBC}") = "MyCrane", "MyCrane\MyCrane.csproj", "{57123087-803B-481C-AE80-9D63F15B246D}"
EndProject
Global
	GlobalSection(SolutionConfigurationPlatforms) = preSolution
		Debug|Any CPU = Debug|Any CPU
		Release|Any CPU = Release|Any CPU
	EndGlobalSection
	GlobalSection(ProjectConfigurationPlatforms) = postSolution
		{57123087-803B-481C-AE80-9D63F15B246D}.Debug|Any CPU.ActiveCfg = Debug|Any CPU
		{57123087-803B-481C-AE80-9D63F15B246D}.Debug|Any CPU.Build.0 = Debug|Any CPU
		{57123087-803B-481C-AE80-9D63F15B246D}.Release|Any CPU.ActiveCfg = Release|Any CPU
		{57123087-803B-481C-AE80-9D63F15B246D}.Release|Any CPU.Build.0 = Release|Any CPU
	EndGlobalSection
EndGlobal
